
Microsoft Visual Studio Solution File, Format Version 12.00
Project("{FAE04EC0-301F-11D3-BF4B-00C04F79EFBC}") = "SecretLabNAudio.Core", "SecretLabNAudio.Core\SecretLabNAudio.Core.csproj", "{D7ED8A2F-E6EB-43E5-B898-4BF50CDD38EE}"
EndProject
Project("{FAE04EC0-301F-11D3-BF4B-00C04F79EFBC}") = "SecretLabNAudio.NLayer", "SecretLabNAudio.NLayer\SecretLabNAudio.NLayer.csproj", "{E7272BBB-E28D-4687-8985-03AD1730A6E5}"
EndProject
Project("{FAE04EC0-301F-11D3-BF4B-00C04F79EFBC}") = "SecretLabNAudio.NVorbis", "SecretLabNAudio.NVorbis\SecretLabNAudio.NVorbis.csproj", "{9AEB0409-F48C-465D-AB44-3A6A0B6AA9CC}"
EndProject
Project("{FAE04EC0-301F-11D3-BF4B-00C04F79EFBC}") = "SecretLabNAudio.MediaFoundation", "SecretLabNAudio.MediaFoundation\SecretLabNAudio.MediaFoundation.csproj", "{CF3ACCE8-0F3C-4F70-9700-3B3976AB2701}"
EndProject
Project("{FAE04EC0-301F-11D3-BF4B-00C04F79EFBC}") = "SecretLabNAudio", "SecretLabNAudio\SecretLabNAudio.csproj", "{4F8FC7D7-0BA3-4126-9241-B8B3E1B89908}"
EndProject
Global
	GlobalSection(SolutionConfigurationPlatforms) = preSolution
		Debug|Any CPU = Debug|Any CPU
		Release|Any CPU = Release|Any CPU
	EndGlobalSection
	GlobalSection(ProjectConfigurationPlatforms) = postSolution
		{D7ED8A2F-E6EB-43E5-B898-4BF50CDD38EE}.Debug|Any CPU.ActiveCfg = Debug|Any CPU
		{D7ED8A2F-E6EB-43E5-B898-4BF50CDD38EE}.Debug|Any CPU.Build.0 = Debug|Any CPU
		{D7ED8A2F-E6EB-43E5-B898-4BF50CDD38EE}.Release|Any CPU.ActiveCfg = Release|Any CPU
		{D7ED8A2F-E6EB-43E5-B898-4BF50CDD38EE}.Release|Any CPU.Build.0 = Release|Any CPU
		{E7272BBB-E28D-4687-8985-03AD1730A6E5}.Debug|Any CPU.ActiveCfg = Debug|Any CPU
		{E7272BBB-E28D-4687-8985-03AD1730A6E5}.Debug|Any CPU.Build.0 = Debug|Any CPU
		{E7272BBB-E28D-4687-8985-03AD1730A6E5}.Release|Any CPU.ActiveCfg = Release|Any CPU
		{E7272BBB-E28D-4687-8985-03AD1730A6E5}.Release|Any CPU.Build.0 = Release|Any CPU
		{9AEB0409-F48C-465D-AB44-3A6A0B6AA9CC}.Debug|Any CPU.ActiveCfg = Debug|Any CPU
		{9AEB0409-F48C-465D-AB44-3A6A0B6AA9CC}.Debug|Any CPU.Build.0 = Debug|Any CPU
		{9AEB0409-F48C-465D-AB44-3A6A0B6AA9CC}.Release|Any CPU.ActiveCfg = Release|Any CPU
		{9AEB0409-F48C-465D-AB44-3A6A0B6AA9CC}.Release|Any CPU.Build.0 = Release|Any CPU
		{CF3ACCE8-0F3C-4F70-9700-3B3976AB2701}.Debug|Any CPU.ActiveCfg = Debug|Any CPU
		{CF3ACCE8-0F3C-4F70-9700-3B3976AB2701}.Debug|Any CPU.Build.0 = Debug|Any CPU
		{CF3ACCE8-0F3C-4F70-9700-3B3976AB2701}.Release|Any CPU.ActiveCfg = Release|Any CPU
		{CF3ACCE8-0F3C-4F70-9700-3B3976AB2701}.Release|Any CPU.Build.0 = Release|Any CPU
		{4F8FC7D7-0BA3-4126-9241-B8B3E1B89908}.Debug|Any CPU.ActiveCfg = Debug|Any CPU
		{4F8FC7D7-0BA3-4126-9241-B8B3E1B89908}.Debug|Any CPU.Build.0 = Debug|Any CPU
		{4F8FC7D7-0BA3-4126-9241-B8B3E1B89908}.Release|Any CPU.ActiveCfg = Release|Any CPU
		{4F8FC7D7-0BA3-4126-9241-B8B3E1B89908}.Release|Any CPU.Build.0 = Release|Any CPU
	EndGlobalSection
EndGlobal
