<Solution>
    <Project Path="SecretLabNAudio.Core/SecretLabNAudio.Core.csproj" />
    <Project Path="SecretLabNAudio.MediaFoundation/SecretLabNAudio.MediaFoundation.csproj" />
    <Project Path="SecretLabNAudio.NLayer/SecretLabNAudio.NLayer.csproj" />
    <Project Path="SecretLabNAudio.NVorbis/SecretLabNAudio.NVorbis.csproj" />
    <Project Path="SecretLabNAudio/SecretLabNAudio.csproj" />
</Solution>
